
Microsoft Visual Studio Solution File, Format Version 12.00
# Visual Studio Version 17
VisualStudioVersion = 17.3.32929.385
MinimumVisualStudioVersion = 10.0.40219.1
Project("{9A19103F-16F7-4668-BE54-9A1E7A4F7556}") = "Renderer", "src\Renderer\Renderer.csproj", "{37665BDF-479C-48E2-81AB-8C78A2FF1F40}"
EndProject
Project("{FAE04EC0-301F-11D3-BF4B-00C04F79EFBC}") = "Kinect", "src\Kinect\Kinect.csproj", "{D60643F9-5DF4-4F35-8080-F9F0DDB8DF86}"
EndProject
Project("{FAE04EC0-301F-11D3-BF4B-00C04F79EFBC}") = "ProjecktK", "src\ProjectK\ProjecktK.csproj", "{82AA56B3-2FEA-4A9A-AEA3-CCFC37546A4C}"
EndProject
Global
	GlobalSection(SolutionConfigurationPlatforms) = preSolution
		Debug|Any CPU = Debug|Any CPU
		Release|Any CPU = Release|Any CPU
	EndGlobalSection
	GlobalSection(ProjectConfigurationPlatforms) = postSolution
		{37665BDF-479C-48E2-81AB-8C78A2FF1F40}.Debug|Any CPU.ActiveCfg = Debug|Any CPU
		{37665BDF-479C-48E2-81AB-8C78A2FF1F40}.Debug|Any CPU.Build.0 = Debug|Any CPU
		{37665BDF-479C-48E2-81AB-8C78A2FF1F40}.Release|Any CPU.ActiveCfg = Release|Any CPU
		{37665BDF-479C-48E2-81AB-8C78A2FF1F40}.Release|Any CPU.Build.0 = Release|Any CPU
		{D60643F9-5DF4-4F35-8080-F9F0DDB8DF86}.Debug|Any CPU.ActiveCfg = Debug|Any CPU
		{D60643F9-5DF4-4F35-8080-F9F0DDB8DF86}.Debug|Any CPU.Build.0 = Debug|Any CPU
		{D60643F9-5DF4-4F35-8080-F9F0DDB8DF86}.Release|Any CPU.ActiveCfg = Release|Any CPU
		{D60643F9-5DF4-4F35-8080-F9F0DDB8DF86}.Release|Any CPU.Build.0 = Release|Any CPU
		{82AA56B3-2FEA-4A9A-AEA3-CCFC37546A4C}.Debug|Any CPU.ActiveCfg = Debug|Any CPU
		{82AA56B3-2FEA-4A9A-AEA3-CCFC37546A4C}.Debug|Any CPU.Build.0 = Debug|Any CPU
		{82AA56B3-2FEA-4A9A-AEA3-CCFC37546A4C}.Release|Any CPU.ActiveCfg = Release|Any CPU
		{82AA56B3-2FEA-4A9A-AEA3-CCFC37546A4C}.Release|Any CPU.Build.0 = Release|Any CPU
	EndGlobalSection
	GlobalSection(SolutionProperties) = preSolution
		HideSolutionNode = FALSE
	EndGlobalSection
	GlobalSection(ExtensibilityGlobals) = postSolution
		SolutionGuid = {29A99082-F563-48FA-BB33-E693CACF0984}
	EndGlobalSection
EndGlobal
